github.com/chzyer/readline v0.0.0-20180603132655-2972be24d48e h1:fY5BOSpyZCqRo5OhCuC+XN+r/bBCmeuuJtjz+bCNIf8=
github.com/chzyer/readline v0.0.0-20180603132655-2972be24d48e/go.mod h1:nSuG5e5PlCu98SY8svDHJxuZscDgtXS6KTTbou5AhLI=
golang.org/x/sys v0.0.0-20210816032535-30e4713e60e3 h1:7hHxyYeKyS0AU/brXAMuc+9BxCO/a4vL1DoUVLDTVIo=
golang.org/x/sys v0.0.0-20210816032535-30e4713e60e3/go.mod h1:oPkhp1MJrh7nUepCBck5+mAzfO9JrbApNNgaTdGDITg=
